
Microsoft Visual Studio Solution File, Format Version 12.00
# Visual Studio 14
VisualStudioVersion = 14.0.25123.0
MinimumVisualStudioVersion = 10.0.40219.1
Project("{FAE04EC0-301F-11D3-BF4B-00C04F79EFBC}") = "ACMJobs", "WebApplication3\ACMJobs.csproj", "{14908C3E-7DFA-4CDF-BB98-B22DBD7D9525}"
EndProject
Global
	GlobalSection(SolutionConfigurationPlatforms) = preSolution
		Debug|Any CPU = Debug|Any CPU
		Release|Any CPU = Release|Any CPU
	EndGlobalSection
	GlobalSection(ProjectConfigurationPlatforms) = postSolution
		{14908C3E-7DFA-4CDF-BB98-B22DBD7D9525}.Debug|Any CPU.ActiveCfg = Debug|Any CPU
		{14908C3E-7DFA-4CDF-BB98-B22DBD7D9525}.Debug|Any CPU.Build.0 = Debug|Any CPU
		{14908C3E-7DFA-4CDF-BB98-B22DBD7D9525}.Release|Any CPU.ActiveCfg = Release|Any CPU
		{14908C3E-7DFA-4CDF-BB98-B22DBD7D9525}.Release|Any CPU.Build.0 = Release|Any CPU
	EndGlobalSection
	GlobalSection(SolutionProperties) = preSolution
		HideSolutionNode = FALSE
	EndGlobalSection
EndGlobal
